github.com/sbowman/drawbridge v0.0.2 h1:BMW95dRB1SrxVlEpaDw8pm6pZry7vYOXXI57ordZCcc=
github.com/sbowman/drawbridge v0.0.2/go.mod h1:O87eJqZyNWMCqKu2YnqbQwDoctzhXtPBIjbgdMvPZq0=
github.com/stretchr/testify v1.9.0 h1:HtqpIVDClZ4nwg75+f6Lvsy/wHu+3BoSGCbBAcpTsTg=
github.com/stretchr/testify v1.9.0/go.mod h1:r2ic/lqez/lEtzL7wO/rwa5dbSLXVDPFyf8C91i36aY=
